
Microsoft Visual Studio Solution File, Format Version 12.00
# Visual Studio 2012
Project("{8BC9CEB8-8B4A-11D0-8D11-00A0C91BC942}") = "Calculator", "Calculator\Calculator.vcxproj", "{3538EA9A-C082-4C18-8E9F-FC4032E1A76C}"
EndProject
Global
	GlobalSection(SolutionConfigurationPlatforms) = preSolution
		Debug|Win32 = Debug|Win32
		Release|Win32 = Release|Win32
	EndGlobalSection
	GlobalSection(ProjectConfigurationPlatforms) = postSolution
		{3538EA9A-C082-4C18-8E9F-FC4032E1A76C}.Debug|Win32.ActiveCfg = Debug|Win32
		{3538EA9A-C082-4C18-8E9F-FC4032E1A76C}.Debug|Win32.Build.0 = Debug|Win32
		{3538EA9A-C082-4C18-8E9F-FC4032E1A76C}.Release|Win32.ActiveCfg = Release|Win32
		{3538EA9A-C082-4C18-8E9F-FC4032E1A76C}.Release|Win32.Build.0 = Release|Win32
	EndGlobalSection
	GlobalSection(SolutionProperties) = preSolution
		HideSolutionNode = FALSE
	EndGlobalSection
EndGlobal
